
Microsoft Visual Studio Solution File, Format Version 12.00
# Visual Studio Version 16
VisualStudioVersion = 16.0.30711.63
MinimumVisualStudioVersion = 10.0.40219.1
Project("{FAE04EC0-301F-11D3-BF4B-00C04F79EFBC}") = "Ativ18", "Ativ18\Ativ18.csproj", "{FB2DFDD1-DA25-4733-A3D0-22F416B404C1}"
EndProject
Global
	GlobalSection(SolutionConfigurationPlatforms) = preSolution
		Debug|Any CPU = Debug|Any CPU
		Release|Any CPU = Release|Any CPU
	EndGlobalSection
	GlobalSection(ProjectConfigurationPlatforms) = postSolution
		{FB2DFDD1-DA25-4733-A3D0-22F416B404C1}.Debug|Any CPU.ActiveCfg = Debug|Any CPU
		{FB2DFDD1-DA25-4733-A3D0-22F416B404C1}.Debug|Any CPU.Build.0 = Debug|Any CPU
		{FB2DFDD1-DA25-4733-A3D0-22F416B404C1}.Release|Any CPU.ActiveCfg = Release|Any CPU
		{FB2DFDD1-DA25-4733-A3D0-22F416B404C1}.Release|Any CPU.Build.0 = Release|Any CPU
	EndGlobalSection
	GlobalSection(SolutionProperties) = preSolution
		HideSolutionNode = FALSE
	EndGlobalSection
	GlobalSection(ExtensibilityGlobals) = postSolution
		SolutionGuid = {DD79BE98-C979-4EB8-9AC0-60E5B3BF15B8}
	EndGlobalSection
EndGlobal
